
Microsoft Visual Studio Solution File, Format Version 12.00
# Visual Studio Version 17
VisualStudioVersion = 17.6.33829.357
MinimumVisualStudioVersion = 10.0.40219.1
Project("{9A19103F-16F7-4668-BE54-9A1E7A4F7556}") = "BTKAPITutorial", "BTKAPITutorial\BTKAPITutorial.csproj", "{83B9D49F-BDB8-4B74-B710-327EBCB9A3FB}"
EndProject
Project("{9A19103F-16F7-4668-BE54-9A1E7A4F7556}") = "btkAPICLI", "btkAPICLI\btkAPICLI.csproj", "{D8545990-777F-4C28-AE89-BEF9103F29D8}"
EndProject
Project("{9A19103F-16F7-4668-BE54-9A1E7A4F7556}") = "HelloWebAPI", "HelloWebAPI\HelloWebAPI.csproj", "{C4E7FEDA-D15C-4493-8EC0-DC82F906F476}"
EndProject
Project("{FAE04EC0-301F-11D3-BF4B-00C04F79EFBC}") = "ProductApp", "ProductApp\ProductApp.csproj", "{0E6D51DD-6B34-4018-886F-4B58A89F7111}"
EndProject
Global
	GlobalSection(SolutionConfigurationPlatforms) = preSolution
		Debug|Any CPU = Debug|Any CPU
		Release|Any CPU = Release|Any CPU
	EndGlobalSection
	GlobalSection(ProjectConfigurationPlatforms) = postSolution
		{83B9D49F-BDB8-4B74-B710-327EBCB9A3FB}.Debug|Any CPU.ActiveCfg = Debug|Any CPU
		{83B9D49F-BDB8-4B74-B710-327EBCB9A3FB}.Debug|Any CPU.Build.0 = Debug|Any CPU
		{83B9D49F-BDB8-4B74-B710-327EBCB9A3FB}.Release|Any CPU.ActiveCfg = Release|Any CPU
		{83B9D49F-BDB8-4B74-B710-327EBCB9A3FB}.Release|Any CPU.Build.0 = Release|Any CPU
		{D8545990-777F-4C28-AE89-BEF9103F29D8}.Debug|Any CPU.ActiveCfg = Debug|Any CPU
		{D8545990-777F-4C28-AE89-BEF9103F29D8}.Debug|Any CPU.Build.0 = Debug|Any CPU
		{D8545990-777F-4C28-AE89-BEF9103F29D8}.Release|Any CPU.ActiveCfg = Release|Any CPU
		{D8545990-777F-4C28-AE89-BEF9103F29D8}.Release|Any CPU.Build.0 = Release|Any CPU
		{C4E7FEDA-D15C-4493-8EC0-DC82F906F476}.Debug|Any CPU.ActiveCfg = Debug|Any CPU
		{C4E7FEDA-D15C-4493-8EC0-DC82F906F476}.Debug|Any CPU.Build.0 = Debug|Any CPU
		{C4E7FEDA-D15C-4493-8EC0-DC82F906F476}.Release|Any CPU.ActiveCfg = Release|Any CPU
		{C4E7FEDA-D15C-4493-8EC0-DC82F906F476}.Release|Any CPU.Build.0 = Release|Any CPU
		{0E6D51DD-6B34-4018-886F-4B58A89F7111}.Debug|Any CPU.ActiveCfg = Debug|Any CPU
		{0E6D51DD-6B34-4018-886F-4B58A89F7111}.Debug|Any CPU.Build.0 = Debug|Any CPU
		{0E6D51DD-6B34-4018-886F-4B58A89F7111}.Release|Any CPU.ActiveCfg = Release|Any CPU
		{0E6D51DD-6B34-4018-886F-4B58A89F7111}.Release|Any CPU.Build.0 = Release|Any CPU
	EndGlobalSection
	GlobalSection(SolutionProperties) = preSolution
		HideSolutionNode = FALSE
	EndGlobalSection
	GlobalSection(ExtensibilityGlobals) = postSolution
		SolutionGuid = {7171B1E3-58E0-4BD0-9206-188B76B281E6}
	EndGlobalSection
EndGlobal
